{
    "version": 3,
    "terraform_version": "0.9.4",
    "serial": 2,
    "lineage": "90fd462d-4a18-4650-8bbb-5569dc6397a0",
    "modules": [
        {
            "path": [
                "root"
            ],
            "outputs": {},
            "resources": {
                "data.scaleway_image.ubuntu": {
                    "type": "scaleway_image",
                    "depends_on": [],
                    "primary": {
                        "id": "81e46fb5-c007-4458-b6e6-098c9223e702",
                        "attributes": {
                            "architecture": "x86_64",
                            "creation_date": "2017-01-05T17:05:15.263192+00:00",
                            "id": "81e46fb5-c007-4458-b6e6-098c9223e702",
                            "name": "Ubuntu Precise (12.04)",
                            "organization": "abaeb1aa-760b-4391-aeab-c0622be90abf",
                            "public": "true"
                        },
                        "meta": {},
                        "tainted": false
                    },
                    "deposed": [],
                    "provider": ""
                },
                "scaleway_ip.lb_ip": {
                    "type": "scaleway_ip",
                    "depends_on": [
                        "scaleway_server.lb"
                    ],
                    "primary": {
                        "id": "004dbcd0-6dbd-41c4-892f-a66b08ae1317",
                        "attributes": {
                            "id": "004dbcd0-6dbd-41c4-892f-a66b08ae1317",
                            "ip": "51.15.42.102",
                            "server": "85a6807a-3062-4ad2-a1e7-9afb4f24dbe6"
                        },
                        "meta": {},
                        "tainted": false
                    },
                    "deposed": [],
                    "provider": ""
                },
                "scaleway_ip.srv2_ip": {
                    "type": "scaleway_ip",
                    "depends_on": [
                        "scaleway_server.srv2"
                    ],
                    "primary": {
                        "id": "4a12f500-b0d9-401e-ad9d-decff07e7a3d",
                        "attributes": {
                            "id": "4a12f500-b0d9-401e-ad9d-decff07e7a3d",
                            "ip": "51.15.46.39",
                            "server": "83449403-34ad-4a6a-86aa-33c965daedcd"
                        },
                        "meta": {},
                        "tainted": false
                    },
                    "deposed": [],
                    "provider": ""
                },
                "scaleway_ip.srv3_ip": {
                    "type": "scaleway_ip",
                    "depends_on": [
                        "scaleway_server.srv3"
                    ],
                    "primary": {
                        "id": "1502e053-e3a8-4d2c-a634-88f0ca5c74a7",
                        "attributes": {
                            "id": "1502e053-e3a8-4d2c-a634-88f0ca5c74a7",
                            "ip": "51.15.40.240",
                            "server": "2d8695d7-a8bb-4fd7-a153-3278b039a8bc"
                        },
                        "meta": {},
                        "tainted": false
                    },
                    "deposed": [],
                    "provider": ""
                },
                "scaleway_server.lb": {
                    "type": "scaleway_server",
                    "depends_on": [
                        "data.scaleway_image.ubuntu"
                    ],
                    "primary": {
                        "id": "85a6807a-3062-4ad2-a1e7-9afb4f24dbe6",
                        "attributes": {
                            "enable_ipv6": "false",
                            "id": "85a6807a-3062-4ad2-a1e7-9afb4f24dbe6",
                            "image": "81e46fb5-c007-4458-b6e6-098c9223e702",
                            "name": "lb",
                            "private_ip": "10.6.19.167",
                            "public_ip": "",
                            "state": "running",
                            "state_detail": "booted",
                            "tags.#": "0",
                            "type": "C2S"
                        },
                        "meta": {},
                        "tainted": false
                    },
                    "deposed": [],
                    "provider": ""
                },
                "scaleway_server.srv2": {
                    "type": "scaleway_server",
                    "depends_on": [
                        "data.scaleway_image.ubuntu"
                    ],
                    "primary": {
                        "id": "83449403-34ad-4a6a-86aa-33c965daedcd",
                        "attributes": {
                            "enable_ipv6": "false",
                            "id": "83449403-34ad-4a6a-86aa-33c965daedcd",
                            "image": "81e46fb5-c007-4458-b6e6-098c9223e702",
                            "name": "srv2",
                            "private_ip": "10.6.26.161",
                            "public_ip": "",
                            "state": "running",
                            "state_detail": "booted",
                            "tags.#": "0",
                            "type": "C2S"
                        },
                        "meta": {},
                        "tainted": false
                    },
                    "deposed": [],
                    "provider": ""
                },
                "scaleway_server.srv3": {
                    "type": "scaleway_server",
                    "depends_on": [
                        "data.scaleway_image.ubuntu"
                    ],
                    "primary": {
                        "id": "2d8695d7-a8bb-4fd7-a153-3278b039a8bc",
                        "attributes": {
                            "enable_ipv6": "false",
                            "id": "2d8695d7-a8bb-4fd7-a153-3278b039a8bc",
                            "image": "81e46fb5-c007-4458-b6e6-098c9223e702",
                            "name": "srv3",
                            "private_ip": "10.6.25.149",
                            "public_ip": "",
                            "state": "running",
                            "state_detail": "booted",
                            "tags.#": "0",
                            "type": "C2S"
                        },
                        "meta": {},
                        "tainted": false
                    },
                    "deposed": [],
                    "provider": ""
                }
            },
            "depends_on": []
        }
    ]
}
